// !$*UTF8*$!
{
	archiveVersion = 1;
	classes = {
	};
	objectVersion = 56;
	objects = {

/* Begin PBXBuildFile section */
		E423BB162ACFD8E400D10342 /* Domain.framework in Frameworks */ = {isa = PBXBuildFile; fileRef = E423BB142ACFD8E400D10342 /* Domain.framework */; };
		E423BB172ACFD8E400D10342 /* Domain.framework in Embed Frameworks */ = {isa = PBXBuildFile; fileRef = E423BB142ACFD8E400D10342 /* Domain.framework */; settings = {ATTRIBUTES = (CodeSignOnCopy, RemoveHeadersOnCopy, ); }; };
		E423BB182ACFD8E400D10342 /* UIComponent.framework in Frameworks */ = {isa = PBXBuildFile; fileRef = E423BB152ACFD8E400D10342 /* UIComponent.framework */; };
		E423BB192ACFD8E400D10342 /* UIComponent.framework in Embed Frameworks */ = {isa = PBXBuildFile; fileRef = E423BB152ACFD8E400D10342 /* UIComponent.framework */; settings = {ATTRIBUTES = (CodeSignOnCopy, RemoveHeadersOnCopy, ); }; };
		E47572312ACFA434006EFB4B /* Feature.h in Headers */ = {isa = PBXBuildFile; fileRef = E47572302ACFA434006EFB4B /* Feature.h */; settings = {ATTRIBUTES = (Public, ); }; };
		E475723E2ACFA44F006EFB4B /* AppDelegate.swift in Sources */ = {isa = PBXBuildFile; fileRef = E475723D2ACFA44F006EFB4B /* AppDelegate.swift */; };
		E47572402ACFA44F006EFB4B /* SceneDelegate.swift in Sources */ = {isa = PBXBuildFile; fileRef = E475723F2ACFA44F006EFB4B /* SceneDelegate.swift */; };
		E47572422ACFA44F006EFB4B /* ViewController.swift in Sources */ = {isa = PBXBuildFile; fileRef = E47572412ACFA44F006EFB4B /* ViewController.swift */; };
		E47572452ACFA44F006EFB4B /* Main.storyboard in Resources */ = {isa = PBXBuildFile; fileRef = E47572432ACFA44F006EFB4B /* Main.storyboard */; };
		E47572472ACFA450006EFB4B /* Assets.xcassets in Resources */ = {isa = PBXBuildFile; fileRef = E47572462ACFA450006EFB4B /* Assets.xcassets */; };
		E475724A2ACFA450006EFB4B /* LaunchScreen.storyboard in Resources */ = {isa = PBXBuildFile; fileRef = E47572482ACFA450006EFB4B /* LaunchScreen.storyboard */; };
		E47572932ACFAC2E006EFB4B /* FeatureViewController.swift in Sources */ = {isa = PBXBuildFile; fileRef = E47572922ACFAC2E006EFB4B /* FeatureViewController.swift */; };
		E47572952ACFAC35006EFB4B /* FeatureViewModel.swift in Sources */ = {isa = PBXBuildFile; fileRef = E47572942ACFAC35006EFB4B /* FeatureViewModel.swift */; };
		E47572A12ACFBFB4006EFB4B /* Feature.framework in Frameworks */ = {isa = PBXBuildFile; fileRef = E475722D2ACFA434006EFB4B /* Feature.framework */; };
		E47572A22ACFBFB4006EFB4B /* Feature.framework in Embed Frameworks */ = {isa = PBXBuildFile; fileRef = E475722D2ACFA434006EFB4B /* Feature.framework */; settings = {ATTRIBUTES = (CodeSignOnCopy, RemoveHeadersOnCopy, ); }; };
		E47572A72ACFC0BA006EFB4B /* FeatureItem.swift in Sources */ = {isa = PBXBuildFile; fileRef = E47572A62ACFC0BA006EFB4B /* FeatureItem.swift */; };
/* End PBXBuildFile section */

/* Begin PBXContainerItemProxy section */
		E47572A32ACFBFB4006EFB4B /* PBXContainerItemProxy */ = {
			isa = PBXContainerItemProxy;
			containerPortal = E47572242ACFA434006EFB4B /* Project object */;
			proxyType = 1;
			remoteGlobalIDString = E475722C2ACFA434006EFB4B;
			remoteInfo = Feature;
		};
/* End PBXContainerItemProxy section */

/* Begin PBXCopyFilesBuildPhase section */
		E423BB1A2ACFD8E400D10342 /* Embed Frameworks */ = {
			isa = PBXCopyFilesBuildPhase;
			buildActionMask = 2147483647;
			dstPath = "";
			dstSubfolderSpec = 10;
			files = (
				E423BB192ACFD8E400D10342 /* UIComponent.framework in Embed Frameworks */,
				E423BB172ACFD8E400D10342 /* Domain.framework in Embed Frameworks */,
			);
			name = "Embed Frameworks";
			runOnlyForDeploymentPostprocessing = 0;
		};
		E47572A52ACFBFB4006EFB4B /* Embed Frameworks */ = {
			isa = PBXCopyFilesBuildPhase;
			buildActionMask = 2147483647;
			dstPath = "";
			dstSubfolderSpec = 10;
			files = (
				E47572A22ACFBFB4006EFB4B /* Feature.framework in Embed Frameworks */,
			);
			name = "Embed Frameworks";
			runOnlyForDeploymentPostprocessing = 0;
		};
/* End PBXCopyFilesBuildPhase section */

/* Begin PBXFileReference section */
		E423BB142ACFD8E400D10342 /* Domain.framework */ = {isa = PBXFileReference; explicitFileType = wrapper.framework; path = Domain.framework; sourceTree = BUILT_PRODUCTS_DIR; };
		E423BB152ACFD8E400D10342 /* UIComponent.framework */ = {isa = PBXFileReference; explicitFileType = wrapper.framework; path = UIComponent.framework; sourceTree = BUILT_PRODUCTS_DIR; };
		E475722D2ACFA434006EFB4B /* Feature.framework */ = {isa = PBXFileReference; explicitFileType = wrapper.framework; includeInIndex = 0; path = Feature.framework; sourceTree = BUILT_PRODUCTS_DIR; };
		E47572302ACFA434006EFB4B /* Feature.h */ = {isa = PBXFileReference; lastKnownFileType = sourcecode.c.h; path = Feature.h; sourceTree = "<group>"; };
		E475723B2ACFA44F006EFB4B /* Demo.app */ = {isa = PBXFileReference; explicitFileType = wrapper.application; includeInIndex = 0; path = Demo.app; sourceTree = BUILT_PRODUCTS_DIR; };
		E475723D2ACFA44F006EFB4B /* AppDelegate.swift */ = {isa = PBXFileReference; lastKnownFileType = sourcecode.swift; path = AppDelegate.swift; sourceTree = "<group>"; };
		E475723F2ACFA44F006EFB4B /* SceneDelegate.swift */ = {isa = PBXFileReference; lastKnownFileType = sourcecode.swift; path = SceneDelegate.swift; sourceTree = "<group>"; };
		E47572412ACFA44F006EFB4B /* ViewController.swift */ = {isa = PBXFileReference; lastKnownFileType = sourcecode.swift; path = ViewController.swift; sourceTree = "<group>"; };
		E47572442ACFA44F006EFB4B /* Base */ = {isa = PBXFileReference; lastKnownFileType = file.storyboard; name = Base; path = Base.lproj/Main.storyboard; sourceTree = "<group>"; };
		E47572462ACFA450006EFB4B /* Assets.xcassets */ = {isa = PBXFileReference; lastKnownFileType = folder.assetcatalog; path = Assets.xcassets; sourceTree = "<group>"; };
		E47572492ACFA450006EFB4B /* Base */ = {isa = PBXFileReference; lastKnownFileType = file.storyboard; name = Base; path = Base.lproj/LaunchScreen.storyboard; sourceTree = "<group>"; };
		E475724B2ACFA450006EFB4B /* Info.plist */ = {isa = PBXFileReference; lastKnownFileType = text.plist.xml; path = Info.plist; sourceTree = "<group>"; };
		E47572922ACFAC2E006EFB4B /* FeatureViewController.swift */ = {isa = PBXFileReference; lastKnownFileType = sourcecode.swift; path = FeatureViewController.swift; sourceTree = "<group>"; };
		E47572942ACFAC35006EFB4B /* FeatureViewModel.swift */ = {isa = PBXFileReference; lastKnownFileType = sourcecode.swift; path = FeatureViewModel.swift; sourceTree = "<group>"; };
		E47572A62ACFC0BA006EFB4B /* FeatureItem.swift */ = {isa = PBXFileReference; lastKnownFileType = sourcecode.swift; path = FeatureItem.swift; sourceTree = "<group>"; };
/* End PBXFileReference section */

/* Begin PBXFrameworksBuildPhase section */
		E475722A2ACFA434006EFB4B /* Frameworks */ = {
			isa = PBXFrameworksBuildPhase;
			buildActionMask = 2147483647;
			files = (
				E423BB182ACFD8E400D10342 /* UIComponent.framework in Frameworks */,
				E423BB162ACFD8E400D10342 /* Domain.framework in Frameworks */,
			);
			runOnlyForDeploymentPostprocessing = 0;
		};
		E47572382ACFA44F006EFB4B /* Frameworks */ = {
			isa = PBXFrameworksBuildPhase;
			buildActionMask = 2147483647;
			files = (
				E47572A12ACFBFB4006EFB4B /* Feature.framework in Frameworks */,
			);
			runOnlyForDeploymentPostprocessing = 0;
		};
/* End PBXFrameworksBuildPhase section */

/* Begin PBXGroup section */
		E423BB212ACFDD7F00D10342 /* Sources */ = {
			isa = PBXGroup;
			children = (
				E475723D2ACFA44F006EFB4B /* AppDelegate.swift */,
				E475723F2ACFA44F006EFB4B /* SceneDelegate.swift */,
				E47572412ACFA44F006EFB4B /* ViewController.swift */,
			);
			path = Sources;
			sourceTree = "<group>";
		};
		E423BB222ACFDD8300D10342 /* Resources */ = {
			isa = PBXGroup;
			children = (
				E47572462ACFA450006EFB4B /* Assets.xcassets */,
				E47572482ACFA450006EFB4B /* LaunchScreen.storyboard */,
				E47572432ACFA44F006EFB4B /* Main.storyboard */,
			);
			path = Resources;
			sourceTree = "<group>";
		};
		E47572232ACFA434006EFB4B = {
			isa = PBXGroup;
			children = (
				E475723C2ACFA44F006EFB4B /* Demo */,
				E475722F2ACFA434006EFB4B /* Sources */,
				E475722E2ACFA434006EFB4B /* Products */,
				E47572982ACFBEA7006EFB4B /* Frameworks */,
			);
			sourceTree = "<group>";
		};
		E475722E2ACFA434006EFB4B /* Products */ = {
			isa = PBXGroup;
			children = (
				E475722D2ACFA434006EFB4B /* Feature.framework */,
				E475723B2ACFA44F006EFB4B /* Demo.app */,
			);
			name = Products;
			sourceTree = "<group>";
		};
		E475722F2ACFA434006EFB4B /* Sources */ = {
			isa = PBXGroup;
			children = (
				E47572302ACFA434006EFB4B /* Feature.h */,
				E47572922ACFAC2E006EFB4B /* FeatureViewController.swift */,
				E47572942ACFAC35006EFB4B /* FeatureViewModel.swift */,
				E47572A62ACFC0BA006EFB4B /* FeatureItem.swift */,
			);
			path = Sources;
			sourceTree = "<group>";
		};
		E475723C2ACFA44F006EFB4B /* Demo */ = {
			isa = PBXGroup;
			children = (
				E423BB222ACFDD8300D10342 /* Resources */,
				E423BB212ACFDD7F00D10342 /* Sources */,
				E475724B2ACFA450006EFB4B /* Info.plist */,
			);
			path = Demo;
			sourceTree = "<group>";
		};
		E47572982ACFBEA7006EFB4B /* Frameworks */ = {
			isa = PBXGroup;
			children = (
				E423BB142ACFD8E400D10342 /* Domain.framework */,
				E423BB152ACFD8E400D10342 /* UIComponent.framework */,
			);
			name = Frameworks;
			sourceTree = "<group>";
		};
/* End PBXGroup section */

/* Begin PBXHeadersBuildPhase section */
		E47572282ACFA434006EFB4B /* Headers */ = {
			isa = PBXHeadersBuildPhase;
			buildActionMask = 2147483647;
			files = (
				E47572312ACFA434006EFB4B /* Feature.h in Headers */,
			);
			runOnlyForDeploymentPostprocessing = 0;
		};
/* End PBXHeadersBuildPhase section */

/* Begin PBXNativeTarget section */
		E475722C2ACFA434006EFB4B /* Feature */ = {
			isa = PBXNativeTarget;
			buildConfigurationList = E47572342ACFA434006EFB4B /* Build configuration list for PBXNativeTarget "Feature" */;
			buildPhases = (
				E47572282ACFA434006EFB4B /* Headers */,
				E47572292ACFA434006EFB4B /* Sources */,
				E475722A2ACFA434006EFB4B /* Frameworks */,
				E475722B2ACFA434006EFB4B /* Resources */,
				E423BB1A2ACFD8E400D10342 /* Embed Frameworks */,
			);
			buildRules = (
			);
			dependencies = (
			);
			name = Feature;
			productName = Feature;
			productReference = E475722D2ACFA434006EFB4B /* Feature.framework */;
			productType = "com.apple.product-type.framework";
		};
		E475723A2ACFA44F006EFB4B /* Demo */ = {
			isa = PBXNativeTarget;
			buildConfigurationList = E475724C2ACFA450006EFB4B /* Build configuration list for PBXNativeTarget "Demo" */;
			buildPhases = (
				E47572372ACFA44F006EFB4B /* Sources */,
				E47572382ACFA44F006EFB4B /* Frameworks */,
				E47572392ACFA44F006EFB4B /* Resources */,
				E47572A52ACFBFB4006EFB4B /* Embed Frameworks */,
			);
			buildRules = (
			);
			dependencies = (
				E47572A42ACFBFB4006EFB4B /* PBXTargetDependency */,
			);
			name = Demo;
			productName = Demo;
			productReference = E475723B2ACFA44F006EFB4B /* Demo.app */;
			productType = "com.apple.product-type.application";
		};
/* End PBXNativeTarget section */

/* Begin PBXProject section */
		E47572242ACFA434006EFB4B /* Project object */ = {
			isa = PBXProject;
			attributes = {
				BuildIndependentTargetsInParallel = 1;
				LastSwiftUpdateCheck = 1430;
				LastUpgradeCheck = 1430;
				TargetAttributes = {
					E475722C2ACFA434006EFB4B = {
						CreatedOnToolsVersion = 14.3.1;
						LastSwiftMigration = 1430;
					};
					E475723A2ACFA44F006EFB4B = {
						CreatedOnToolsVersion = 14.3.1;
					};
				};
			};
			buildConfigurationList = E47572272ACFA434006EFB4B /* Build configuration list for PBXProject "Feature" */;
			compatibilityVersion = "Xcode 14.0";
			developmentRegion = en;
			hasScannedForEncodings = 0;
			knownRegions = (
				en,
				Base,
			);
			mainGroup = E47572232ACFA434006EFB4B;
			productRefGroup = E475722E2ACFA434006EFB4B /* Products */;
			projectDirPath = "";
			projectRoot = "";
			targets = (
				E475722C2ACFA434006EFB4B /* Feature */,
				E475723A2ACFA44F006EFB4B /* Demo */,
			);
		};
/* End PBXProject section */

/* Begin PBXResourcesBuildPhase section */
		E475722B2ACFA434006EFB4B /* Resources */ = {
			isa = PBXResourcesBuildPhase;
			buildActionMask = 2147483647;
			files = (
			);
			runOnlyForDeploymentPostprocessing = 0;
		};
		E47572392ACFA44F006EFB4B /* Resources */ = {
			isa = PBXResourcesBuildPhase;
			buildActionMask = 2147483647;
			files = (
				E475724A2ACFA450006EFB4B /* LaunchScreen.storyboard in Resources */,
				E47572472ACFA450006EFB4B /* Assets.xcassets in Resources */,
				E47572452ACFA44F006EFB4B /* Main.storyboard in Resources */,
			);
			runOnlyForDeploymentPostprocessing = 0;
		};
/* End PBXResourcesBuildPhase section */

/* Begin PBXSourcesBuildPhase section */
		E47572292ACFA434006EFB4B /* Sources */ = {
			isa = PBXSourcesBuildPhase;
			buildActionMask = 2147483647;
			files = (
				E47572932ACFAC2E006EFB4B /* FeatureViewController.swift in Sources */,
				E47572952ACFAC35006EFB4B /* FeatureViewModel.swift in Sources */,
				E47572A72ACFC0BA006EFB4B /* FeatureItem.swift in Sources */,
			);
			runOnlyForDeploymentPostprocessing = 0;
		};
		E47572372ACFA44F006EFB4B /* Sources */ = {
			isa = PBXSourcesBuildPhase;
			buildActionMask = 2147483647;
			files = (
				E47572422ACFA44F006EFB4B /* ViewController.swift in Sources */,
				E475723E2ACFA44F006EFB4B /* AppDelegate.swift in Sources */,
				E47572402ACFA44F006EFB4B /* SceneDelegate.swift in Sources */,
			);
			runOnlyForDeploymentPostprocessing = 0;
		};
/* End PBXSourcesBuildPhase section */

/* Begin PBXTargetDependency section */
		E47572A42ACFBFB4006EFB4B /* PBXTargetDependency */ = {
			isa = PBXTargetDependency;
			target = E475722C2ACFA434006EFB4B /* Feature */;
			targetProxy = E47572A32ACFBFB4006EFB4B /* PBXContainerItemProxy */;
		};
/* End PBXTargetDependency section */

/* Begin PBXVariantGroup section */
		E47572432ACFA44F006EFB4B /* Main.storyboard */ = {
			isa = PBXVariantGroup;
			children = (
				E47572442ACFA44F006EFB4B /* Base */,
			);
			name = Main.storyboard;
			sourceTree = "<group>";
		};
		E47572482ACFA450006EFB4B /* LaunchScreen.storyboard */ = {
			isa = PBXVariantGroup;
			children = (
				E47572492ACFA450006EFB4B /* Base */,
			);
			name = LaunchScreen.storyboard;
			sourceTree = "<group>";
		};
/* End PBXVariantGroup section */

/* Begin XCBuildConfiguration section */
		E47572322ACFA434006EFB4B /* Debug */ = {
			isa = XCBuildConfiguration;
			buildSettings = {
				ALWAYS_SEARCH_USER_PATHS = NO;
				CLANG_ANALYZER_NONNULL = YES;
				CLANG_ANALYZER_NUMBER_OBJECT_CONVERSION = YES_AGGRESSIVE;
				CLANG_CXX_LANGUAGE_STANDARD = "gnu++20";
				CLANG_ENABLE_MODULES = YES;
				CLANG_ENABLE_OBJC_ARC = YES;
				CLANG_ENABLE_OBJC_WEAK = YES;
				CLANG_WARN_BLOCK_CAPTURE_AUTORELEASING = YES;
				CLANG_WARN_BOOL_CONVERSION = YES;
				CLANG_WARN_COMMA = YES;
				CLANG_WARN_CONSTANT_CONVERSION = YES;
				CLANG_WARN_DEPRECATED_OBJC_IMPLEMENTATIONS = YES;
				CLANG_WARN_DIRECT_OBJC_ISA_USAGE = YES_ERROR;
				CLANG_WARN_DOCUMENTATION_COMMENTS = YES;
				CLANG_WARN_EMPTY_BODY = YES;
				CLANG_WARN_ENUM_CONVERSION = YES;
				CLANG_WARN_INFINITE_RECURSION = YES;
				CLANG_WARN_INT_CONVERSION = YES;
				CLANG_WARN_NON_LITERAL_NULL_CONVERSION = YES;
				CLANG_WARN_OBJC_IMPLICIT_RETAIN_SELF = YES;
				CLANG_WARN_OBJC_LITERAL_CONVERSION = YES;
				CLANG_WARN_OBJC_ROOT_CLASS = YES_ERROR;
				CLANG_WARN_QUOTED_INCLUDE_IN_FRAMEWORK_HEADER = YES;
				CLANG_WARN_RANGE_LOOP_ANALYSIS = YES;
				CLANG_WARN_STRICT_PROTOTYPES = YES;
				CLANG_WARN_SUSPICIOUS_MOVE = YES;
				CLANG_WARN_UNGUARDED_AVAILABILITY = YES_AGGRESSIVE;
				CLANG_WARN_UNREACHABLE_CODE = YES;
				CLANG_WARN__DUPLICATE_METHOD_MATCH = YES;
				COPY_PHASE_STRIP = NO;
				CURRENT_PROJECT_VERSION = 1;
				DEBUG_INFORMATION_FORMAT = dwarf;
				ENABLE_STRICT_OBJC_MSGSEND = YES;
				ENABLE_TESTABILITY = YES;
				GCC_C_LANGUAGE_STANDARD = gnu11;
				GCC_DYNAMIC_NO_PIC = NO;
				GCC_NO_COMMON_BLOCKS = YES;
				GCC_OPTIMIZATION_LEVEL = 0;
				GCC_PREPROCESSOR_DEFINITIONS = (
					"DEBUG=1",
					"$(inherited)",
				);
				GCC_WARN_64_TO_32_BIT_CONVERSION = YES;
				GCC_WARN_ABOUT_RETURN_TYPE = YES_ERROR;
				GCC_WARN_UNDECLARED_SELECTOR = YES;
				GCC_WARN_UNINITIALIZED_AUTOS = YES_AGGRESSIVE;
				GCC_WARN_UNUSED_FUNCTION = YES;
				GCC_WARN_UNUSED_VARIABLE = YES;
				IPHONEOS_DEPLOYMENT_TARGET = 16.4;
				MTL_ENABLE_DEBUG_INFO = INCLUDE_SOURCE;
				MTL_FAST_MATH = YES;
				ONLY_ACTIVE_ARCH = YES;
				SDKROOT = iphoneos;
				SWIFT_ACTIVE_COMPILATION_CONDITIONS = DEBUG;
				SWIFT_OPTIMIZATION_LEVEL = "-Onone";
				VERSIONING_SYSTEM = "apple-generic";
				VERSION_INFO_PREFIX = "";
			};
			name = Debug;
		};
		E47572332ACFA434006EFB4B /* Release */ = {
			isa = XCBuildConfiguration;
			buildSettings = {
				ALWAYS_SEARCH_USER_PATHS = NO;
				CLANG_ANALYZER_NONNULL = YES;
				CLANG_ANALYZER_NUMBER_OBJECT_CONVERSION = YES_AGGRESSIVE;
				CLANG_CXX_LANGUAGE_STANDARD = "gnu++20";
				CLANG_ENABLE_MODULES = YES;
				CLANG_ENABLE_OBJC_ARC = YES;
				CLANG_ENABLE_OBJC_WEAK = YES;
				CLANG_WARN_BLOCK_CAPTURE_AUTORELEASING = YES;
				CLANG_WARN_BOOL_CONVERSION = YES;
				CLANG_WARN_COMMA = YES;
				CLANG_WARN_CONSTANT_CONVERSION = YES;
				CLANG_WARN_DEPRECATED_OBJC_IMPLEMENTATIONS = YES;
				CLANG_WARN_DIRECT_OBJC_ISA_USAGE = YES_ERROR;
				CLANG_WARN_DOCUMENTATION_COMMENTS = YES;
				CLANG_WARN_EMPTY_BODY = YES;
				CLANG_WARN_ENUM_CONVERSION = YES;
				CLANG_WARN_INFINITE_RECURSION = YES;
				CLANG_WARN_INT_CONVERSION = YES;
				CLANG_WARN_NON_LITERAL_NULL_CONVERSION = YES;
				CLANG_WARN_OBJC_IMPLICIT_RETAIN_SELF = YES;
				CLANG_WARN_OBJC_LITERAL_CONVERSION = YES;
				CLANG_WARN_OBJC_ROOT_CLASS = YES_ERROR;
				CLANG_WARN_QUOTED_INCLUDE_IN_FRAMEWORK_HEADER = YES;
				CLANG_WARN_RANGE_LOOP_ANALYSIS = YES;
				CLANG_WARN_STRICT_PROTOTYPES = YES;
				CLANG_WARN_SUSPICIOUS_MOVE = YES;
				CLANG_WARN_UNGUARDED_AVAILABILITY = YES_AGGRESSIVE;
				CLANG_WARN_UNREACHABLE_CODE = YES;
				CLANG_WARN__DUPLICATE_METHOD_MATCH = YES;
				COPY_PHASE_STRIP = NO;
				CURRENT_PROJECT_VERSION = 1;
				DEBUG_INFORMATION_FORMAT = "dwarf-with-dsym";
				ENABLE_NS_ASSERTIONS = NO;
				ENABLE_STRICT_OBJC_MSGSEND = YES;
				GCC_C_LANGUAGE_STANDARD = gnu11;
				GCC_NO_COMMON_BLOCKS = YES;
				GCC_WARN_64_TO_32_BIT_CONVERSION = YES;
				GCC_WARN_ABOUT_RETURN_TYPE = YES_ERROR;
				GCC_WARN_UNDECLARED_SELECTOR = YES;
				GCC_WARN_UNINITIALIZED_AUTOS = YES_AGGRESSIVE;
				GCC_WARN_UNUSED_FUNCTION = YES;
				GCC_WARN_UNUSED_VARIABLE = YES;
				IPHONEOS_DEPLOYMENT_TARGET = 16.4;
				MTL_ENABLE_DEBUG_INFO = NO;
				MTL_FAST_MATH = YES;
				SDKROOT = iphoneos;
				SWIFT_COMPILATION_MODE = wholemodule;
				SWIFT_OPTIMIZATION_LEVEL = "-O";
				VALIDATE_PRODUCT = YES;
				VERSIONING_SYSTEM = "apple-generic";
				VERSION_INFO_PREFIX = "";
			};
			name = Release;
		};
		E47572352ACFA434006EFB4B /* Debug */ = {
			isa = XCBuildConfiguration;
			buildSettings = {
				CLANG_ENABLE_MODULES = YES;
				CODE_SIGN_STYLE = Automatic;
				CURRENT_PROJECT_VERSION = 1;
				DEFINES_MODULE = YES;
				DYLIB_COMPATIBILITY_VERSION = 1;
				DYLIB_CURRENT_VERSION = 1;
				DYLIB_INSTALL_NAME_BASE = "@rpath";
				ENABLE_MODULE_VERIFIER = YES;
				GENERATE_INFOPLIST_FILE = YES;
				INFOPLIST_KEY_NSHumanReadableCopyright = "";
				INSTALL_PATH = "$(LOCAL_LIBRARY_DIR)/Frameworks";
				LD_RUNPATH_SEARCH_PATHS = (
					"$(inherited)",
					"@executable_path/Frameworks",
					"@loader_path/Frameworks",
				);
				MARKETING_VERSION = 1.0;
				MODULE_VERIFIER_SUPPORTED_LANGUAGES = "objective-c objective-c++";
				MODULE_VERIFIER_SUPPORTED_LANGUAGE_STANDARDS = "gnu11 gnu++20";
				PRODUCT_BUNDLE_IDENTIFIER = com.mo00429.Feature;
				PRODUCT_NAME = "$(TARGET_NAME:c99extidentifier)";
				SKIP_INSTALL = YES;
				SWIFT_EMIT_LOC_STRINGS = YES;
				SWIFT_OPTIMIZATION_LEVEL = "-Onone";
				SWIFT_VERSION = 5.0;
				TARGETED_DEVICE_FAMILY = "1,2";
			};
			name = Debug;
		};
		E47572362ACFA434006EFB4B /* Release */ = {
			isa = XCBuildConfiguration;
			buildSettings = {
				CLANG_ENABLE_MODULES = YES;
				CODE_SIGN_STYLE = Automatic;
				CURRENT_PROJECT_VERSION = 1;
				DEFINES_MODULE = YES;
				DYLIB_COMPATIBILITY_VERSION = 1;
				DYLIB_CURRENT_VERSION = 1;
				DYLIB_INSTALL_NAME_BASE = "@rpath";
				ENABLE_MODULE_VERIFIER = YES;
				GENERATE_INFOPLIST_FILE = YES;
				INFOPLIST_KEY_NSHumanReadableCopyright = "";
				INSTALL_PATH = "$(LOCAL_LIBRARY_DIR)/Frameworks";
				LD_RUNPATH_SEARCH_PATHS = (
					"$(inherited)",
					"@executable_path/Frameworks",
					"@loader_path/Frameworks",
				);
				MARKETING_VERSION = 1.0;
				MODULE_VERIFIER_SUPPORTED_LANGUAGES = "objective-c objective-c++";
				MODULE_VERIFIER_SUPPORTED_LANGUAGE_STANDARDS = "gnu11 gnu++20";
				PRODUCT_BUNDLE_IDENTIFIER = com.mo00429.Feature;
				PRODUCT_NAME = "$(TARGET_NAME:c99extidentifier)";
				SKIP_INSTALL = YES;
				SWIFT_EMIT_LOC_STRINGS = YES;
				SWIFT_VERSION = 5.0;
				TARGETED_DEVICE_FAMILY = "1,2";
			};
			name = Release;
		};
		E475724D2ACFA450006EFB4B /* Debug */ = {
			isa = XCBuildConfiguration;
			buildSettings = {
				ASSETCATALOG_COMPILER_APPICON_NAME = AppIcon;
				ASSETCATALOG_COMPILER_GLOBAL_ACCENT_COLOR_NAME = AccentColor;
				CODE_SIGN_STYLE = Automatic;
				CURRENT_PROJECT_VERSION = 1;
				GENERATE_INFOPLIST_FILE = YES;
				INFOPLIST_FILE = Demo/Info.plist;
				INFOPLIST_KEY_CFBundleDisplayName = "모듈러 데모";
				INFOPLIST_KEY_UIApplicationSupportsIndirectInputEvents = YES;
				INFOPLIST_KEY_UILaunchStoryboardName = LaunchScreen;
				INFOPLIST_KEY_UIMainStoryboardFile = Main;
				INFOPLIST_KEY_UISupportedInterfaceOrientations_iPad = "UIInterfaceOrientationPortrait UIInterfaceOrientationPortraitUpsideDown UIInterfaceOrientationLandscapeLeft UIInterfaceOrientationLandscapeRight";
				INFOPLIST_KEY_UISupportedInterfaceOrientations_iPhone = "UIInterfaceOrientationPortrait UIInterfaceOrientationLandscapeLeft UIInterfaceOrientationLandscapeRight";
				LD_RUNPATH_SEARCH_PATHS = (
					"$(inherited)",
					"@executable_path/Frameworks",
				);
				MARKETING_VERSION = 1.0;
				PRODUCT_BUNDLE_IDENTIFIER = com.mo00429.Demo;
				PRODUCT_NAME = "$(TARGET_NAME)";
				SWIFT_EMIT_LOC_STRINGS = YES;
				SWIFT_VERSION = 5.0;
				TARGETED_DEVICE_FAMILY = "1,2";
			};
			name = Debug;
		};
		E475724E2ACFA450006EFB4B /* Release */ = {
			isa = XCBuildConfiguration;
			buildSettings = {
				ASSETCATALOG_COMPILER_APPICON_NAME = AppIcon;
				ASSETCATALOG_COMPILER_GLOBAL_ACCENT_COLOR_NAME = AccentColor;
				CODE_SIGN_STYLE = Automatic;
				CURRENT_PROJECT_VERSION = 1;
				GENERATE_INFOPLIST_FILE = YES;
				INFOPLIST_FILE = Demo/Info.plist;
				INFOPLIST_KEY_CFBundleDisplayName = "모듈러 데모";
				INFOPLIST_KEY_UIApplicationSupportsIndirectInputEvents = YES;
				INFOPLIST_KEY_UILaunchStoryboardName = LaunchScreen;
				INFOPLIST_KEY_UIMainStoryboardFile = Main;
				INFOPLIST_KEY_UISupportedInterfaceOrientations_iPad = "UIInterfaceOrientationPortrait UIInterfaceOrientationPortraitUpsideDown UIInterfaceOrientationLandscapeLeft UIInterfaceOrientationLandscapeRight";
				INFOPLIST_KEY_UISupportedInterfaceOrientations_iPhone = "UIInterfaceOrientationPortrait UIInterfaceOrientationLandscapeLeft UIInterfaceOrientationLandscapeRight";
				LD_RUNPATH_SEARCH_PATHS = (
					"$(inherited)",
					"@executable_path/Frameworks",
				);
				MARKETING_VERSION = 1.0;
				PRODUCT_BUNDLE_IDENTIFIER = com.mo00429.Demo;
				PRODUCT_NAME = "$(TARGET_NAME)";
				SWIFT_EMIT_LOC_STRINGS = YES;
				SWIFT_VERSION = 5.0;
				TARGETED_DEVICE_FAMILY = "1,2";
			};
			name = Release;
		};
/* End XCBuildConfiguration section */

/* Begin XCConfigurationList section */
		E47572272ACFA434006EFB4B /* Build configuration list for PBXProject "Feature" */ = {
			isa = XCConfigurationList;
			buildConfigurations = (
				E47572322ACFA434006EFB4B /* Debug */,
				E47572332ACFA434006EFB4B /* Release */,
			);
			defaultConfigurationIsVisible = 0;
			defaultConfigurationName = Release;
		};
		E47572342ACFA434006EFB4B /* Build configuration list for PBXNativeTarget "Feature" */ = {
			isa = XCConfigurationList;
			buildConfigurations = (
				E47572352ACFA434006EFB4B /* Debug */,
				E47572362ACFA434006EFB4B /* Release */,
			);
			defaultConfigurationIsVisible = 0;
			defaultConfigurationName = Release;
		};
		E475724C2ACFA450006EFB4B /* Build configuration list for PBXNativeTarget "Demo" */ = {
			isa = XCConfigurationList;
			buildConfigurations = (
				E475724D2ACFA450006EFB4B /* Debug */,
				E475724E2ACFA450006EFB4B /* Release */,
			);
			defaultConfigurationIsVisible = 0;
			defaultConfigurationName = Release;
		};
/* End XCConfigurationList section */
	};
	rootObject = E47572242ACFA434006EFB4B /* Project object */;
}
